{
    "name": "xd-auto-animate-test",
    "version": "1.0.0",
    "lockfileVersion": 1,
    "requires": true,
    "dependencies": {
      "animejs": {
        "version": "3.0.1",
        "resolved": "https://registry.npmjs.org/animejs/-/animejs-3.0.1.tgz",
        "integrity": "sha512-7mMoBQScvA7s4zm3EVgnuXXrtOu6TJNAhU+Ajo7HsXYH0NwbuZIcRHMO65a9NyUlmAXz4VPxlK5cENNOQbCi8g=="
      },
      "hammerjs": {
        "version": "2.0.8",
        "resolved": "https://registry.npmjs.org/hammerjs/-/hammerjs-2.0.8.tgz",
        "integrity": "sha1-BO93hiz/K7edMPdpIJWTAiK/YPE="
      }
    }
  }
  